{
    "name": "@kreatif/starter",
    "version": "0.0.1",
    "lockfileVersion": 3,
    "requires": true,
    "packages": {
        "": {
            "name": "@kreatif/starter",
            "version": "0.0.1",
            "license": "ISC",
            "dependencies": {
                "preact": "^10.17.1",
                "redaxo-adapter": "^0.0.37"
            },
            "devDependencies": {
                "prettier": "^3.0.3",
                "prettier-plugin-astro": "^0.12.0"
            }
        },
        "node_modules/@astrojs/compiler": {
            "version": "1.8.2",
            "resolved": "https://registry.npmjs.org/@astrojs/compiler/-/compiler-1.8.2.tgz",
            "integrity": "sha512-o/ObKgtMzl8SlpIdzaxFnt7SATKPxu4oIP/1NL+HDJRzxfJcAkOTAb/ZKMRyULbz4q+1t2/DAebs2Z1QairkZw==",
            "dev": true
        },
        "node_modules/graphql": {
            "version": "16.8.1",
            "resolved": "https://registry.npmjs.org/graphql/-/graphql-16.8.1.tgz",
            "integrity": "sha512-59LZHPdGZVh695Ud9lRzPBVTtlX9ZCV150Er2W43ro37wVof0ctenSaskPPjN7lVTIN8mSZt8PHUNKZuNQUuxw==",
            "peer": true,
            "engines": {
                "node": "^12.22.0 || ^14.16.0 || ^16.0.0 || >=17.0.0"
            }
        },
        "node_modules/graphql-tag": {
            "version": "2.12.6",
            "resolved": "https://registry.npmjs.org/graphql-tag/-/graphql-tag-2.12.6.tgz",
            "integrity": "sha512-FdSNcu2QQcWnM2VNvSCCDCVS5PpPqpzgFT8+GXzqJuoDd0CBncxCY278u4mhRO7tMgo2JjgJA5aZ+nWSQ/Z+xg==",
            "dependencies": {
                "tslib": "^2.1.0"
            },
            "engines": {
                "node": ">=10"
            },
            "peerDependencies": {
                "graphql": "^0.9.0 || ^0.10.0 || ^0.11.0 || ^0.12.0 || ^0.13.0 || ^14.0.0 || ^15.0.0 || ^16.0.0"
            }
        },
        "node_modules/preact": {
            "version": "10.17.1",
            "resolved": "https://registry.npmjs.org/preact/-/preact-10.17.1.tgz",
            "integrity": "sha512-X9BODrvQ4Ekwv9GURm9AKAGaomqXmip7NQTZgY7gcNmr7XE83adOMJvd3N42id1tMFU7ojiynRsYnY6/BRFxLA==",
            "funding": {
                "type": "opencollective",
                "url": "https://opencollective.com/preact"
            }
        },
        "node_modules/prettier": {
            "version": "3.0.3",
            "resolved": "https://registry.npmjs.org/prettier/-/prettier-3.0.3.tgz",
            "integrity": "sha512-L/4pUDMxcNa8R/EthV08Zt42WBO4h1rarVtK0K+QJG0X187OLo7l699jWw0GKuwzkPQ//jMFA/8Xm6Fh3J/DAg==",
            "dev": true,
            "bin": {
                "prettier": "bin/prettier.cjs"
            },
            "engines": {
                "node": ">=14"
            },
            "funding": {
                "url": "https://github.com/prettier/prettier?sponsor=1"
            }
        },
        "node_modules/prettier-plugin-astro": {
            "version": "0.12.0",
            "resolved": "https://registry.npmjs.org/prettier-plugin-astro/-/prettier-plugin-astro-0.12.0.tgz",
            "integrity": "sha512-8E+9YQR6/5CPZJs8XsfBw579zrwZkc0Wb7x0fRVm/51JC8Iys4lBw4ecV8fHwpbQnzve86TUa4fJ08BJzqfWnA==",
            "dev": true,
            "dependencies": {
                "@astrojs/compiler": "^1.5.5",
                "prettier": "^3.0.0",
                "sass-formatter": "^0.7.6"
            },
            "engines": {
                "node": "^14.15.0 || >=16.0.0"
            }
        },
        "node_modules/redaxo-adapter": {
            "version": "0.0.37",
            "resolved": "https://registry.npmjs.org/redaxo-adapter/-/redaxo-adapter-0.0.37.tgz",
            "integrity": "sha512-JqYBKzXqYRX8qpHQHDQvge5B1ikcuGY/hh96jp44xOWZvwwpZ3MNJIsv3C0vkLSjATMVzHVN5ZtiEOWDbhxJnQ==",
            "dependencies": {
                "graphql-tag": "^2.12.6"
            }
        },
        "node_modules/s.color": {
            "version": "0.0.15",
            "resolved": "https://registry.npmjs.org/s.color/-/s.color-0.0.15.tgz",
            "integrity": "sha512-AUNrbEUHeKY8XsYr/DYpl+qk5+aM+DChopnWOPEzn8YKzOhv4l2zH6LzZms3tOZP3wwdOyc0RmTciyi46HLIuA==",
            "dev": true
        },
        "node_modules/sass-formatter": {
            "version": "0.7.8",
            "resolved": "https://registry.npmjs.org/sass-formatter/-/sass-formatter-0.7.8.tgz",
            "integrity": "sha512-7fI2a8THglflhhYis7k06eUf92VQuJoXzEs2KRP0r1bluFxKFvLx0Ns7c478oYGM0fPfrr846ZRWVi2MAgHt9Q==",
            "dev": true,
            "dependencies": {
                "suf-log": "^2.5.3"
            }
        },
        "node_modules/suf-log": {
            "version": "2.5.3",
            "resolved": "https://registry.npmjs.org/suf-log/-/suf-log-2.5.3.tgz",
            "integrity": "sha512-KvC8OPjzdNOe+xQ4XWJV2whQA0aM1kGVczMQ8+dStAO6KfEB140JEVQ9dE76ONZ0/Ylf67ni4tILPJB41U0eow==",
            "dev": true,
            "dependencies": {
                "s.color": "0.0.15"
            }
        },
        "node_modules/tslib": {
            "version": "2.6.2",
            "resolved": "https://registry.npmjs.org/tslib/-/tslib-2.6.2.tgz",
            "integrity": "sha512-AEYxH93jGFPn/a2iVAwW87VuUIkR1FVUKB77NwMF7nBTDkDrrT/Hpt/IrCJ0QXhW27jTBDcf5ZY7w6RiqTMw2Q=="
        }
    }
}
